
Microsoft Visual Studio Solution File, Format Version 12.00
# Visual Studio Version 16
VisualStudioVersion = 16.0.30523.141
MinimumVisualStudioVersion = 10.0.40219.1
Project("{FAE04EC0-301F-11D3-BF4B-00C04F79EFBC}") = "BlackJackGame", "BlackJackGame\BlackJackGame.csproj", "{918930D4-7D1F-4121-9583-877FCC10E79A}"
EndProject
Project("{FAE04EC0-301F-11D3-BF4B-00C04F79EFBC}") = "BlackJackGame.Tests", "BlackJackGame.Tests\BlackJackGame.Tests.csproj", "{741B9B34-ABE0-4305-B7D5-06040B0DE2B1}"
EndProject
Global
	GlobalSection(SolutionConfigurationPlatforms) = preSolution
		Debug|Any CPU = Debug|Any CPU
		Release|Any CPU = Release|Any CPU
	EndGlobalSection
	GlobalSection(ProjectConfigurationPlatforms) = postSolution
		{918930D4-7D1F-4121-9583-877FCC10E79A}.Debug|Any CPU.ActiveCfg = Debug|Any CPU
		{918930D4-7D1F-4121-9583-877FCC10E79A}.Debug|Any CPU.Build.0 = Debug|Any CPU
		{918930D4-7D1F-4121-9583-877FCC10E79A}.Release|Any CPU.ActiveCfg = Release|Any CPU
		{918930D4-7D1F-4121-9583-877FCC10E79A}.Release|Any CPU.Build.0 = Release|Any CPU
		{741B9B34-ABE0-4305-B7D5-06040B0DE2B1}.Debug|Any CPU.ActiveCfg = Debug|Any CPU
		{741B9B34-ABE0-4305-B7D5-06040B0DE2B1}.Debug|Any CPU.Build.0 = Debug|Any CPU
		{741B9B34-ABE0-4305-B7D5-06040B0DE2B1}.Release|Any CPU.ActiveCfg = Release|Any CPU
		{741B9B34-ABE0-4305-B7D5-06040B0DE2B1}.Release|Any CPU.Build.0 = Release|Any CPU
	EndGlobalSection
	GlobalSection(SolutionProperties) = preSolution
		HideSolutionNode = FALSE
	EndGlobalSection
	GlobalSection(ExtensibilityGlobals) = postSolution
		SolutionGuid = {7194597B-A35F-4953-9958-25AFAC0E7506}
	EndGlobalSection
EndGlobal
